
Microsoft Visual Studio Solution File, Format Version 12.00
# Visual Studio Version 16
VisualStudioVersion = 16.0.29519.87
MinimumVisualStudioVersion = 10.0.40219.1
Project("{FAE04EC0-301F-11D3-BF4B-00C04F79EFBC}") = "ImageViewer", "ImageViewer\ImageViewer.csproj", "{0174B067-0162-44C3-A62D-33E89AB99085}"
EndProject
Global
	GlobalSection(SolutionConfigurationPlatforms) = preSolution
		Debug|Any CPU = Debug|Any CPU
		Release|Any CPU = Release|Any CPU
	EndGlobalSection
	GlobalSection(ProjectConfigurationPlatforms) = postSolution
		{0174B067-0162-44C3-A62D-33E89AB99085}.Debug|Any CPU.ActiveCfg = Debug|Any CPU
		{0174B067-0162-44C3-A62D-33E89AB99085}.Debug|Any CPU.Build.0 = Debug|Any CPU
		{0174B067-0162-44C3-A62D-33E89AB99085}.Release|Any CPU.ActiveCfg = Release|Any CPU
		{0174B067-0162-44C3-A62D-33E89AB99085}.Release|Any CPU.Build.0 = Release|Any CPU
	EndGlobalSection
	GlobalSection(SolutionProperties) = preSolution
		HideSolutionNode = FALSE
	EndGlobalSection
	GlobalSection(ExtensibilityGlobals) = postSolution
		SolutionGuid = {F9B3D1AD-7009-4BC9-9585-6AFF644BB502}
	EndGlobalSection
EndGlobal
